
Microsoft Visual Studio Solution File, Format Version 12.00
# Visual Studio 15
VisualStudioVersion = 15.0.27703.2026
MinimumVisualStudioVersion = 10.0.40219.1
Project("{8BC9CEB8-8B4A-11D0-8D11-00A0C91BC942}") = "numway", "numway\numway.vcxproj", "{B78A656E-AB6A-4B9E-B10C-DB3598261591}"
EndProject
Global
	GlobalSection(SolutionConfigurationPlatforms) = preSolution
		Debug|x64 = Debug|x64
		Debug|x86 = Debug|x86
		Release|x64 = Release|x64
		Release|x86 = Release|x86
	EndGlobalSection
	GlobalSection(ProjectConfigurationPlatforms) = postSolution
		{B78A656E-AB6A-4B9E-B10C-DB3598261591}.Debug|x64.ActiveCfg = Debug|x64
		{B78A656E-AB6A-4B9E-B10C-DB3598261591}.Debug|x64.Build.0 = Debug|x64
		{B78A656E-AB6A-4B9E-B10C-DB3598261591}.Debug|x86.ActiveCfg = Debug|Win32
		{B78A656E-AB6A-4B9E-B10C-DB3598261591}.Debug|x86.Build.0 = Debug|Win32
		{B78A656E-AB6A-4B9E-B10C-DB3598261591}.Release|x64.ActiveCfg = Release|x64
		{B78A656E-AB6A-4B9E-B10C-DB3598261591}.Release|x64.Build.0 = Release|x64
		{B78A656E-AB6A-4B9E-B10C-DB3598261591}.Release|x86.ActiveCfg = Release|Win32
		{B78A656E-AB6A-4B9E-B10C-DB3598261591}.Release|x86.Build.0 = Release|Win32
	EndGlobalSection
	GlobalSection(SolutionProperties) = preSolution
		HideSolutionNode = FALSE
	EndGlobalSection
	GlobalSection(ExtensibilityGlobals) = postSolution
		SolutionGuid = {4469B0AF-7206-491F-A058-DAC6E9680759}
	EndGlobalSection
EndGlobal
